// !$*UTF8*$!
{
	archiveVersion = 1;
	classes = {
	};
	objectVersion = 56;
	objects = {

/* Begin PBXBuildFile section */
		20BF048F370572ACB5E7132E /* LeeoKit in Frameworks */ = {isa = PBXBuildFile; productRef = 938A05772076D177E9BFE9EF /* LeeoKit */; };
		835C4AE9D62759E7027C5D43 /* FamilyCourtSpec.swift in Sources */ = {isa = PBXBuildFile; fileRef = 1069729DA885377BE9BF60F4 /* FamilyCourtSpec.swift */; };
		AB0000000000000000000001 /* FamilyCourtApp.swift in Sources */ = {isa = PBXBuildFile; fileRef = AF0000000000000000000001 /* FamilyCourtApp.swift */; };
		AB0000000000000000000002 /* ContentView.swift in Sources */ = {isa = PBXBuildFile; fileRef = AF0000000000000000000002 /* ContentView.swift */; };
		AB0000000000000000000003 /* Assets.xcassets in Resources */ = {isa = PBXBuildFile; fileRef = AF0000000000000000000003 /* Assets.xcassets */; };
		AB0000000000000000000006 /* Models.swift in Sources */ = {isa = PBXBuildFile; fileRef = AF0000000000000000000006 /* Models.swift */; };
		AB0000000000000000000007 /* Store.swift in Sources */ = {isa = PBXBuildFile; fileRef = AF0000000000000000000007 /* Store.swift */; };
		AB0000000000000000000008 /* Sound.swift in Sources */ = {isa = PBXBuildFile; fileRef = AF0000000000000000000008 /* Sound.swift */; };
		AB0000000000000000000009 /* HomeView.swift in Sources */ = {isa = PBXBuildFile; fileRef = AF0000000000000000000009 /* HomeView.swift */; };
		AB0000000000000000000010 /* FilingView.swift in Sources */ = {isa = PBXBuildFile; fileRef = AF0000000000000000000010 /* FilingView.swift */; };
		AB0000000000000000000011 /* CaseDetailView.swift in Sources */ = {isa = PBXBuildFile; fileRef = AF0000000000000000000011 /* CaseDetailView.swift */; };
		AB0000000000000000000012 /* TrialView.swift in Sources */ = {isa = PBXBuildFile; fileRef = AF0000000000000000000012 /* TrialView.swift */; };
		AB0000000000000000000013 /* SupportViews.swift in Sources */ = {isa = PBXBuildFile; fileRef = AF0000000000000000000013 /* SupportViews.swift */; };
/* End PBXBuildFile section */

/* Begin PBXFileReference section */
		1069729DA885377BE9BF60F4 /* FamilyCourtSpec.swift */ = {isa = PBXFileReference; includeInIndex = 1; lastKnownFileType = sourcecode.swift; path = FamilyCourtSpec.swift; sourceTree = "<group>"; };
		AF0000000000000000000001 /* FamilyCourtApp.swift */ = {isa = PBXFileReference; lastKnownFileType = sourcecode.swift; path = FamilyCourtApp.swift; sourceTree = "<group>"; };
		AF0000000000000000000002 /* ContentView.swift */ = {isa = PBXFileReference; lastKnownFileType = sourcecode.swift; path = ContentView.swift; sourceTree = "<group>"; };
		AF0000000000000000000003 /* Assets.xcassets */ = {isa = PBXFileReference; lastKnownFileType = folder.assetcatalog; path = Assets.xcassets; sourceTree = "<group>"; };
		AF0000000000000000000005 /* FamilyCourt.app */ = {isa = PBXFileReference; explicitFileType = wrapper.application; includeInIndex = 0; path = FamilyCourt.app; sourceTree = BUILT_PRODUCTS_DIR; };
		AF0000000000000000000006 /* Models.swift */ = {isa = PBXFileReference; lastKnownFileType = sourcecode.swift; path = Models.swift; sourceTree = "<group>"; };
		AF0000000000000000000007 /* Store.swift */ = {isa = PBXFileReference; lastKnownFileType = sourcecode.swift; path = Store.swift; sourceTree = "<group>"; };
		AF0000000000000000000008 /* Sound.swift */ = {isa = PBXFileReference; lastKnownFileType = sourcecode.swift; path = Sound.swift; sourceTree = "<group>"; };
		AF0000000000000000000009 /* HomeView.swift */ = {isa = PBXFileReference; lastKnownFileType = sourcecode.swift; path = HomeView.swift; sourceTree = "<group>"; };
		AF0000000000000000000010 /* FilingView.swift */ = {isa = PBXFileReference; lastKnownFileType = sourcecode.swift; path = FilingView.swift; sourceTree = "<group>"; };
		AF0000000000000000000011 /* CaseDetailView.swift */ = {isa = PBXFileReference; lastKnownFileType = sourcecode.swift; path = CaseDetailView.swift; sourceTree = "<group>"; };
		AF0000000000000000000012 /* TrialView.swift */ = {isa = PBXFileReference; lastKnownFileType = sourcecode.swift; path = TrialView.swift; sourceTree = "<group>"; };
		AF0000000000000000000013 /* SupportViews.swift */ = {isa = PBXFileReference; lastKnownFileType = sourcecode.swift; path = SupportViews.swift; sourceTree = "<group>"; };
/* End PBXFileReference section */

/* Begin PBXFrameworksBuildPhase section */
		AC0000000000000000000002 /* Frameworks */ = {
			isa = PBXFrameworksBuildPhase;
			buildActionMask = 2147483647;
			files = (
				20BF048F370572ACB5E7132E /* LeeoKit in Frameworks */,
			);
			runOnlyForDeploymentPostprocessing = 0;
		};
/* End PBXFrameworksBuildPhase section */

/* Begin PBXGroup section */
		AG0000000000000000000001 = {
			isa = PBXGroup;
			children = (
				AG0000000000000000000002 /* FamilyCourt */,
				AG0000000000000000000003 /* Products */,
			);
			sourceTree = "<group>";
		};
		AG0000000000000000000002 /* FamilyCourt */ = {
			isa = PBXGroup;
			children = (
				AF0000000000000000000001 /* FamilyCourtApp.swift */,
				AF0000000000000000000002 /* ContentView.swift */,
				AF0000000000000000000006 /* Models.swift */,
				AF0000000000000000000007 /* Store.swift */,
				AF0000000000000000000008 /* Sound.swift */,
				AF0000000000000000000009 /* HomeView.swift */,
				AF0000000000000000000010 /* FilingView.swift */,
				AF0000000000000000000011 /* CaseDetailView.swift */,
				AF0000000000000000000012 /* TrialView.swift */,
				AF0000000000000000000013 /* SupportViews.swift */,
				AF0000000000000000000003 /* Assets.xcassets */,
				1069729DA885377BE9BF60F4 /* FamilyCourtSpec.swift */,
			);
			path = FamilyCourt;
			sourceTree = "<group>";
		};
		AG0000000000000000000003 /* Products */ = {
			isa = PBXGroup;
			children = (
				AF0000000000000000000005 /* FamilyCourt.app */,
			);
			name = Products;
			sourceTree = "<group>";
		};
/* End PBXGroup section */

/* Begin PBXNativeTarget section */
		AT0000000000000000000001 /* FamilyCourt */ = {
			isa = PBXNativeTarget;
			buildConfigurationList = AL0000000000000000000002 /* Build configuration list for PBXNativeTarget "FamilyCourt" */;
			buildPhases = (
				AC0000000000000000000001 /* Sources */,
				AC0000000000000000000002 /* Frameworks */,
				AC0000000000000000000003 /* Resources */,
			);
			buildRules = (
			);
			dependencies = (
			);
			name = FamilyCourt;
			packageProductDependencies = (
				938A05772076D177E9BFE9EF /* LeeoKit */,
			);
			productName = FamilyCourt;
			productReference = AF0000000000000000000005 /* FamilyCourt.app */;
			productType = "com.apple.product-type.application";
		};
/* End PBXNativeTarget section */

/* Begin PBXProject section */
		AP0000000000000000000001 /* Project object */ = {
			isa = PBXProject;
			attributes = {
				BuildIndependentTargetsInParallel = 1;
				LastSwiftUpdateCheck = 1500;
				LastUpgradeCheck = 1500;
				TargetAttributes = {
					AT0000000000000000000001 = {
						CreatedOnToolsVersion = 15.0;
					};
				};
			};
			buildConfigurationList = AL0000000000000000000001 /* Build configuration list for PBXProject "FamilyCourt" */;
			compatibilityVersion = "Xcode 14.0";
			developmentRegion = ko;
			hasScannedForEncodings = 0;
			knownRegions = (
				ko,
				en,
				Base,
			);
			mainGroup = AG0000000000000000000001;
			packageReferences = (
				3FC23342BA15650E1371D7B3 /* XCLocalSwiftPackageReference "LeeoKit" */,
			);
			productRefGroup = AG0000000000000000000003 /* Products */;
			projectDirPath = "";
			projectRoot = "";
			targets = (
				AT0000000000000000000001 /* FamilyCourt */,
			);
		};
/* End PBXProject section */

/* Begin PBXResourcesBuildPhase section */
		AC0000000000000000000003 /* Resources */ = {
			isa = PBXResourcesBuildPhase;
			buildActionMask = 2147483647;
			files = (
				AB0000000000000000000003 /* Assets.xcassets in Resources */,
			);
			runOnlyForDeploymentPostprocessing = 0;
		};
/* End PBXResourcesBuildPhase section */

/* Begin PBXSourcesBuildPhase section */
		AC0000000000000000000001 /* Sources */ = {
			isa = PBXSourcesBuildPhase;
			buildActionMask = 2147483647;
			files = (
				AB0000000000000000000001 /* FamilyCourtApp.swift in Sources */,
				AB0000000000000000000002 /* ContentView.swift in Sources */,
				AB0000000000000000000006 /* Models.swift in Sources */,
				AB0000000000000000000007 /* Store.swift in Sources */,
				AB0000000000000000000008 /* Sound.swift in Sources */,
				AB0000000000000000000009 /* HomeView.swift in Sources */,
				AB0000000000000000000010 /* FilingView.swift in Sources */,
				AB0000000000000000000011 /* CaseDetailView.swift in Sources */,
				AB0000000000000000000012 /* TrialView.swift in Sources */,
				AB0000000000000000000013 /* SupportViews.swift in Sources */,
				835C4AE9D62759E7027C5D43 /* FamilyCourtSpec.swift in Sources */,
			);
			runOnlyForDeploymentPostprocessing = 0;
		};
/* End PBXSourcesBuildPhase section */

/* Begin XCBuildConfiguration section */
		AX0000000000000000000001 /* Debug */ = {
			isa = XCBuildConfiguration;
			buildSettings = {
				ALWAYS_SEARCH_USER_PATHS = NO;
				CLANG_ENABLE_MODULES = YES;
				CLANG_ENABLE_OBJC_ARC = YES;
				COPY_PHASE_STRIP = NO;
				DEBUG_INFORMATION_FORMAT = dwarf;
				ENABLE_TESTABILITY = YES;
				GCC_OPTIMIZATION_LEVEL = 0;
				GCC_PREPROCESSOR_DEFINITIONS = (
					"DEBUG=1",
					"$(inherited)",
				);
				IPHONEOS_DEPLOYMENT_TARGET = 17.0;
				MTL_ENABLE_DEBUG_INFO = INCLUDE_SOURCE;
				MTL_FAST_MATH = YES;
				ONLY_ACTIVE_ARCH = YES;
				SDKROOT = iphoneos;
				SWIFT_ACTIVE_COMPILATION_CONDITIONS = DEBUG;
				SWIFT_OPTIMIZATION_LEVEL = "-Onone";
			};
			name = Debug;
		};
		AX0000000000000000000002 /* Release */ = {
			isa = XCBuildConfiguration;
			buildSettings = {
				ALWAYS_SEARCH_USER_PATHS = NO;
				CLANG_ENABLE_MODULES = YES;
				CLANG_ENABLE_OBJC_ARC = YES;
				COPY_PHASE_STRIP = NO;
				DEBUG_INFORMATION_FORMAT = "dwarf-with-dsym";
				ENABLE_NS_ASSERTIONS = NO;
				IPHONEOS_DEPLOYMENT_TARGET = 17.0;
				MTL_ENABLE_DEBUG_INFO = NO;
				MTL_FAST_MATH = YES;
				SDKROOT = iphoneos;
				SWIFT_COMPILATION_MODE = wholemodule;
				SWIFT_OPTIMIZATION_LEVEL = "-O";
				VALIDATE_PRODUCT = YES;
			};
			name = Release;
		};
		AX0000000000000000000003 /* Debug */ = {
			isa = XCBuildConfiguration;
			buildSettings = {
				ASSETCATALOG_COMPILER_APPICON_NAME = AppIcon;
				ASSETCATALOG_COMPILER_GLOBAL_ACCENT_COLOR_NAME = AccentColor;
				CODE_SIGN_ENTITLEMENTS = FamilyCourt/FamilyCourt.entitlements;
				CODE_SIGN_STYLE = Automatic;
				CURRENT_PROJECT_VERSION = 1;
				DEVELOPMENT_TEAM = QGAQ3AY3R3;
				GENERATE_INFOPLIST_FILE = YES;
				INFOPLIST_KEY_CFBundleDisplayName = "억울해요";
				INFOPLIST_KEY_UIApplicationSceneManifest_Generation = YES;
				INFOPLIST_KEY_UIApplicationSupportsIndirectInputEvents = YES;
				INFOPLIST_KEY_UILaunchScreen_Generation = YES;
				INFOPLIST_KEY_UISupportedInterfaceOrientations_iPad = "UIInterfaceOrientationPortrait UIInterfaceOrientationPortraitUpsideDown UIInterfaceOrientationLandscapeLeft UIInterfaceOrientationLandscapeRight";
				INFOPLIST_KEY_UISupportedInterfaceOrientations_iPhone = UIInterfaceOrientationPortrait;
				LD_RUNPATH_SEARCH_PATHS = (
					"$(inherited)",
					"@executable_path/Frameworks",
				);
				MARKETING_VERSION = 1.0;
				PRODUCT_BUNDLE_IDENTIFIER = com.family.familycourt;
				PRODUCT_NAME = "$(TARGET_NAME)";
				SUPPORTED_PLATFORMS = "iphoneos iphonesimulator";
				SUPPORTS_MACCATALYST = NO;
				SWIFT_EMIT_LOC_STRINGS = YES;
				SWIFT_VERSION = 5.0;
				TARGETED_DEVICE_FAMILY = 1;
			};
			name = Debug;
		};
		AX0000000000000000000004 /* Release */ = {
			isa = XCBuildConfiguration;
			buildSettings = {
				ASSETCATALOG_COMPILER_APPICON_NAME = AppIcon;
				ASSETCATALOG_COMPILER_GLOBAL_ACCENT_COLOR_NAME = AccentColor;
				CODE_SIGN_ENTITLEMENTS = FamilyCourt/FamilyCourt.entitlements;
				CODE_SIGN_STYLE = Automatic;
				CURRENT_PROJECT_VERSION = 1;
				DEVELOPMENT_TEAM = QGAQ3AY3R3;
				GENERATE_INFOPLIST_FILE = YES;
				INFOPLIST_KEY_CFBundleDisplayName = "억울해요";
				INFOPLIST_KEY_UIApplicationSceneManifest_Generation = YES;
				INFOPLIST_KEY_UIApplicationSupportsIndirectInputEvents = YES;
				INFOPLIST_KEY_UILaunchScreen_Generation = YES;
				INFOPLIST_KEY_UISupportedInterfaceOrientations_iPad = "UIInterfaceOrientationPortrait UIInterfaceOrientationPortraitUpsideDown UIInterfaceOrientationLandscapeLeft UIInterfaceOrientationLandscapeRight";
				INFOPLIST_KEY_UISupportedInterfaceOrientations_iPhone = UIInterfaceOrientationPortrait;
				LD_RUNPATH_SEARCH_PATHS = (
					"$(inherited)",
					"@executable_path/Frameworks",
				);
				MARKETING_VERSION = 1.0;
				PRODUCT_BUNDLE_IDENTIFIER = com.family.familycourt;
				PRODUCT_NAME = "$(TARGET_NAME)";
				SUPPORTED_PLATFORMS = "iphoneos iphonesimulator";
				SUPPORTS_MACCATALYST = NO;
				SWIFT_EMIT_LOC_STRINGS = YES;
				SWIFT_VERSION = 5.0;
				TARGETED_DEVICE_FAMILY = 1;
			};
			name = Release;
		};
/* End XCBuildConfiguration section */

/* Begin XCConfigurationList section */
		AL0000000000000000000001 /* Build configuration list for PBXProject "FamilyCourt" */ = {
			isa = XCConfigurationList;
			buildConfigurations = (
				AX0000000000000000000001 /* Debug */,
				AX0000000000000000000002 /* Release */,
			);
			defaultConfigurationIsVisible = 0;
			defaultConfigurationName = Release;
		};
		AL0000000000000000000002 /* Build configuration list for PBXNativeTarget "FamilyCourt" */ = {
			isa = XCConfigurationList;
			buildConfigurations = (
				AX0000000000000000000003 /* Debug */,
				AX0000000000000000000004 /* Release */,
			);
			defaultConfigurationIsVisible = 0;
			defaultConfigurationName = Release;
		};
/* End XCConfigurationList section */

/* Begin XCLocalSwiftPackageReference section */
		3FC23342BA15650E1371D7B3 /* XCLocalSwiftPackageReference "LeeoKit" */ = {
			isa = XCLocalSwiftPackageReference;
			relativePath = ../LeeoKit;
		};
/* End XCLocalSwiftPackageReference section */

/* Begin XCSwiftPackageProductDependency section */
		938A05772076D177E9BFE9EF /* LeeoKit */ = {
			isa = XCSwiftPackageProductDependency;
			package = 3FC23342BA15650E1371D7B3 /* XCLocalSwiftPackageReference "LeeoKit" */;
			productName = LeeoKit;
		};
/* End XCSwiftPackageProductDependency section */
	};
	rootObject = AP0000000000000000000001 /* Project object */;
}
